// !$*UTF8*$!
{
	archiveVersion = 1;
	classes = {
	};
	objectVersion = 70;
	objects = {

/* Begin PBXBuildFile section */
		769B89762FB29EA20001CCB2 /* WidgetSharedData.swift in Sources */ = {isa = PBXBuildFile; fileRef = 769B89752FB29EA20001CCB2 /* WidgetSharedData.swift */; };
		769CD6BD2FB5341F00B21E63 /* WidgetKit.framework in Frameworks */ = {isa = PBXBuildFile; fileRef = 769CD6BC2FB5341F00B21E63 /* WidgetKit.framework */; };
		769CD6BF2FB5341F00B21E63 /* SwiftUI.framework in Frameworks */ = {isa = PBXBuildFile; fileRef = 769CD6BE2FB5341F00B21E63 /* SwiftUI.framework */; };
		769CD6D12FB5342000B21E63 /* PikariWidgetExtension.appex in Embed Foundation Extensions */ = {isa = PBXBuildFile; fileRef = 769CD6BA2FB5341F00B21E63 /* PikariWidgetExtension.appex */; settings = {ATTRIBUTES = (RemoveHeadersOnCopy, ); }; };
		B001 /* CleaningApp.swift in Sources */ = {isa = PBXBuildFile; fileRef = A001 /* CleaningApp.swift */; };
		B002 /* CleaningModels.swift in Sources */ = {isa = PBXBuildFile; fileRef = A002 /* CleaningModels.swift */; };
		B003 /* ContentView.swift in Sources */ = {isa = PBXBuildFile; fileRef = A003 /* ContentView.swift */; };
		B004 /* OnboardingView.swift in Sources */ = {isa = PBXBuildFile; fileRef = A004 /* OnboardingView.swift */; };
		B005 /* HomeView.swift in Sources */ = {isa = PBXBuildFile; fileRef = A005 /* HomeView.swift */; };
		B006 /* FloorPlanView.swift in Sources */ = {isa = PBXBuildFile; fileRef = A006 /* FloorPlanView.swift */; };
		B007 /* SupplyAndHistoryViews.swift in Sources */ = {isa = PBXBuildFile; fileRef = A007 /* SupplyAndHistoryViews.swift */; };
		B008 /* Assets.xcassets in Resources */ = {isa = PBXBuildFile; fileRef = A008 /* Assets.xcassets */; };
		B009 /* CleaningAppTests.swift in Sources */ = {isa = PBXBuildFile; fileRef = A010 /* CleaningAppTests.swift */; };
		B010 /* CleaningModels.swift in Sources */ = {isa = PBXBuildFile; fileRef = A002 /* CleaningModels.swift */; };
		B011 /* FixtureViews.swift in Sources */ = {isa = PBXBuildFile; fileRef = A012 /* FixtureViews.swift */; };
		B012 /* SplashView.swift in Sources */ = {isa = PBXBuildFile; fileRef = A013 /* SplashView.swift */; };
		B013 /* NotificationManager.swift in Sources */ = {isa = PBXBuildFile; fileRef = A014 /* NotificationManager.swift */; };
		B014 /* ReportView.swift in Sources */ = {isa = PBXBuildFile; fileRef = A015 /* ReportView.swift */; };
		B015 /* PhotoRecordView.swift in Sources */ = {isa = PBXBuildFile; fileRef = A016 /* PhotoRecordView.swift */; };
		B016 /* PremiumManager.swift in Sources */ = {isa = PBXBuildFile; fileRef = A017 /* PremiumManager.swift */; };
		B017 /* PremiumGateView.swift in Sources */ = {isa = PBXBuildFile; fileRef = A018 /* PremiumGateView.swift */; };
		B018 /* CalendarView.swift in Sources */ = {isa = PBXBuildFile; fileRef = A019 /* CalendarView.swift */; };
		B019 /* ExportView.swift in Sources */ = {isa = PBXBuildFile; fileRef = A020 /* ExportView.swift */; };
		B020 /* LocalizationManager.swift in Sources */ = {isa = PBXBuildFile; fileRef = A021 /* LocalizationManager.swift */; };
		B021 /* MyPageView.swift in Sources */ = {isa = PBXBuildFile; fileRef = A022 /* MyPageView.swift */; };
		B022 /* LanguageSelectView.swift in Sources */ = {isa = PBXBuildFile; fileRef = A023 /* LanguageSelectView.swift */; };
		B023 /* LegalView.swift in Sources */ = {isa = PBXBuildFile; fileRef = A024 /* LegalView.swift */; };
/* End PBXBuildFile section */

/* Begin PBXContainerItemProxy section */
		769B89722FB29CDD0001CCB2 /* PBXContainerItemProxy */ = {
			isa = PBXContainerItemProxy;
			containerPortal = PROJECT /* Project object */;
			proxyType = 1;
			remoteGlobalIDString = TARGET1;
			remoteInfo = CleaningApp;
		};
		769CD6CE2FB5342000B21E63 /* PBXContainerItemProxy */ = {
			isa = PBXContainerItemProxy;
			containerPortal = PROJECT /* Project object */;
			proxyType = 1;
			remoteGlobalIDString = 769CD6B92FB5341F00B21E63;
			remoteInfo = PikariWidgetExtension;
		};
/* End PBXContainerItemProxy section */

/* Begin PBXCopyFilesBuildPhase section */
		769CD6D02FB5342000B21E63 /* Embed Foundation Extensions */ = {
			isa = PBXCopyFilesBuildPhase;
			buildActionMask = 2147483647;
			dstPath = "";
			dstSubfolderSpec = 13;
			files = (
				769CD6D12FB5342000B21E63 /* PikariWidgetExtension.appex in Embed Foundation Extensions */,
			);
			name = "Embed Foundation Extensions";
			runOnlyForDeploymentPostprocessing = 0;
		};
/* End PBXCopyFilesBuildPhase section */

/* Begin PBXFileReference section */
		769B89752FB29EA20001CCB2 /* WidgetSharedData.swift */ = {isa = PBXFileReference; lastKnownFileType = sourcecode.swift; path = WidgetSharedData.swift; sourceTree = "<group>"; };
		769CD6BA2FB5341F00B21E63 /* PikariWidgetExtension.appex */ = {isa = PBXFileReference; explicitFileType = "wrapper.app-extension"; includeInIndex = 0; path = PikariWidgetExtension.appex; sourceTree = BUILT_PRODUCTS_DIR; };
		769CD6BC2FB5341F00B21E63 /* WidgetKit.framework */ = {isa = PBXFileReference; lastKnownFileType = wrapper.framework; name = WidgetKit.framework; path = System/Library/Frameworks/WidgetKit.framework; sourceTree = SDKROOT; };
		769CD6BE2FB5341F00B21E63 /* SwiftUI.framework */ = {isa = PBXFileReference; lastKnownFileType = wrapper.framework; name = SwiftUI.framework; path = System/Library/Frameworks/SwiftUI.framework; sourceTree = SDKROOT; };
		769CD6D82FB537E300B21E63 /* CleaningApp.entitlements */ = {isa = PBXFileReference; lastKnownFileType = text.plist.entitlements; path = CleaningApp.entitlements; sourceTree = "<group>"; };
		769CD6D92FB5381C00B21E63 /* PikariWidgetExtension.entitlements */ = {isa = PBXFileReference; lastKnownFileType = text.plist.entitlements; path = PikariWidgetExtension.entitlements; sourceTree = "<group>"; };
		A001 /* CleaningApp.swift */ = {isa = PBXFileReference; lastKnownFileType = sourcecode.swift; path = CleaningApp.swift; sourceTree = "<group>"; };
		A002 /* CleaningModels.swift */ = {isa = PBXFileReference; lastKnownFileType = sourcecode.swift; path = CleaningModels.swift; sourceTree = "<group>"; };
		A003 /* ContentView.swift */ = {isa = PBXFileReference; lastKnownFileType = sourcecode.swift; path = ContentView.swift; sourceTree = "<group>"; };
		A004 /* OnboardingView.swift */ = {isa = PBXFileReference; lastKnownFileType = sourcecode.swift; path = OnboardingView.swift; sourceTree = "<group>"; };
		A005 /* HomeView.swift */ = {isa = PBXFileReference; lastKnownFileType = sourcecode.swift; path = HomeView.swift; sourceTree = "<group>"; };
		A006 /* FloorPlanView.swift */ = {isa = PBXFileReference; lastKnownFileType = sourcecode.swift; path = FloorPlanView.swift; sourceTree = "<group>"; };
		A007 /* SupplyAndHistoryViews.swift */ = {isa = PBXFileReference; lastKnownFileType = sourcecode.swift; path = SupplyAndHistoryViews.swift; sourceTree = "<group>"; };
		A008 /* Assets.xcassets */ = {isa = PBXFileReference; lastKnownFileType = folder.assetcatalog; path = Assets.xcassets; sourceTree = "<group>"; };
		A009 /* CleaningApp.app */ = {isa = PBXFileReference; explicitFileType = wrapper.application; includeInIndex = 0; path = CleaningApp.app; sourceTree = BUILT_PRODUCTS_DIR; };
		A010 /* CleaningAppTests.swift */ = {isa = PBXFileReference; lastKnownFileType = sourcecode.swift; path = CleaningAppTests.swift; sourceTree = "<group>"; };
		A011 /* CleaningAppTests.xctest */ = {isa = PBXFileReference; explicitFileType = wrapper.cfbundle; includeInIndex = 0; path = CleaningAppTests.xctest; sourceTree = BUILT_PRODUCTS_DIR; };
		A012 /* FixtureViews.swift */ = {isa = PBXFileReference; lastKnownFileType = sourcecode.swift; path = FixtureViews.swift; sourceTree = "<group>"; };
		A013 /* SplashView.swift */ = {isa = PBXFileReference; lastKnownFileType = sourcecode.swift; path = SplashView.swift; sourceTree = "<group>"; };
		A014 /* NotificationManager.swift */ = {isa = PBXFileReference; lastKnownFileType = sourcecode.swift; path = NotificationManager.swift; sourceTree = "<group>"; };
		A015 /* ReportView.swift */ = {isa = PBXFileReference; lastKnownFileType = sourcecode.swift; path = ReportView.swift; sourceTree = "<group>"; };
		A016 /* PhotoRecordView.swift */ = {isa = PBXFileReference; lastKnownFileType = sourcecode.swift; path = PhotoRecordView.swift; sourceTree = "<group>"; };
		A017 /* PremiumManager.swift */ = {isa = PBXFileReference; lastKnownFileType = sourcecode.swift; path = PremiumManager.swift; sourceTree = "<group>"; };
		A018 /* PremiumGateView.swift */ = {isa = PBXFileReference; lastKnownFileType = sourcecode.swift; path = PremiumGateView.swift; sourceTree = "<group>"; };
		A019 /* CalendarView.swift */ = {isa = PBXFileReference; lastKnownFileType = sourcecode.swift; path = CalendarView.swift; sourceTree = "<group>"; };
		A020 /* ExportView.swift */ = {isa = PBXFileReference; lastKnownFileType = sourcecode.swift; path = ExportView.swift; sourceTree = "<group>"; };
		A021 /* LocalizationManager.swift */ = {isa = PBXFileReference; lastKnownFileType = sourcecode.swift; path = LocalizationManager.swift; sourceTree = "<group>"; };
		A022 /* MyPageView.swift */ = {isa = PBXFileReference; lastKnownFileType = sourcecode.swift; path = MyPageView.swift; sourceTree = "<group>"; };
		A023 /* LanguageSelectView.swift */ = {isa = PBXFileReference; lastKnownFileType = sourcecode.swift; path = LanguageSelectView.swift; sourceTree = "<group>"; };
		A024 /* LegalView.swift */ = {isa = PBXFileReference; lastKnownFileType = sourcecode.swift; path = LegalView.swift; sourceTree = "<group>"; };
/* End PBXFileReference section */

/* Begin PBXFileSystemSynchronizedBuildFileExceptionSet section */
		769CD6D42FB5342000B21E63 /* PBXFileSystemSynchronizedBuildFileExceptionSet */ = {
			isa = PBXFileSystemSynchronizedBuildFileExceptionSet;
			membershipExceptions = (
				Info.plist,
			);
			target = 769CD6B92FB5341F00B21E63 /* PikariWidgetExtension */;
		};
/* End PBXFileSystemSynchronizedBuildFileExceptionSet section */

/* Begin PBXFileSystemSynchronizedRootGroup section */
		769CD6C02FB5341F00B21E63 /* PikariWidget */ = {isa = PBXFileSystemSynchronizedRootGroup; exceptions = (769CD6D42FB5342000B21E63 /* PBXFileSystemSynchronizedBuildFileExceptionSet */, ); explicitFileTypes = {}; explicitFolders = (); path = PikariWidget; sourceTree = "<group>"; };
/* End PBXFileSystemSynchronizedRootGroup section */

/* Begin PBXFrameworksBuildPhase section */
		769CD6B72FB5341F00B21E63 /* Frameworks */ = {
			isa = PBXFrameworksBuildPhase;
			buildActionMask = 2147483647;
			files = (
				769CD6BF2FB5341F00B21E63 /* SwiftUI.framework in Frameworks */,
				769CD6BD2FB5341F00B21E63 /* WidgetKit.framework in Frameworks */,
			);
			runOnlyForDeploymentPostprocessing = 0;
		};
		C003 /* Frameworks */ = {
			isa = PBXFrameworksBuildPhase;
			buildActionMask = 2147483647;
			files = (
			);
			runOnlyForDeploymentPostprocessing = 0;
		};
		C006 /* Frameworks */ = {
			isa = PBXFrameworksBuildPhase;
			buildActionMask = 2147483647;
			files = (
			);
			runOnlyForDeploymentPostprocessing = 0;
		};
/* End PBXFrameworksBuildPhase section */

/* Begin PBXGroup section */
		769CD6BB2FB5341F00B21E63 /* Frameworks */ = {
			isa = PBXGroup;
			children = (
				769CD6BC2FB5341F00B21E63 /* WidgetKit.framework */,
				769CD6BE2FB5341F00B21E63 /* SwiftUI.framework */,
			);
			name = Frameworks;
			sourceTree = "<group>";
		};
		APPGROUP /* CleaningApp */ = {
			isa = PBXGroup;
			children = (
				769CD6D82FB537E300B21E63 /* CleaningApp.entitlements */,
				769B89752FB29EA20001CCB2 /* WidgetSharedData.swift */,
				A001 /* CleaningApp.swift */,
				A002 /* CleaningModels.swift */,
				A003 /* ContentView.swift */,
				A014 /* NotificationManager.swift */,
				A017 /* PremiumManager.swift */,
				A021 /* LocalizationManager.swift */,
				VIEWSGROUP /* Views */,
				A008 /* Assets.xcassets */,
			);
			path = CleaningApp;
			sourceTree = "<group>";
		};
		PRODUCTS /* Products */ = {
			isa = PBXGroup;
			children = (
				A009 /* CleaningApp.app */,
				A011 /* CleaningAppTests.xctest */,
				769CD6BA2FB5341F00B21E63 /* PikariWidgetExtension.appex */,
			);
			name = Products;
			sourceTree = "<group>";
		};
		ROOT = {
			isa = PBXGroup;
			children = (
				769CD6D92FB5381C00B21E63 /* PikariWidgetExtension.entitlements */,
				APPGROUP /* CleaningApp */,
				TESTGROUP /* CleaningAppTests */,
				769CD6C02FB5341F00B21E63 /* PikariWidget */,
				769CD6BB2FB5341F00B21E63 /* Frameworks */,
				PRODUCTS /* Products */,
			);
			sourceTree = "<group>";
		};
		TESTGROUP /* CleaningAppTests */ = {
			isa = PBXGroup;
			children = (
				A010 /* CleaningAppTests.swift */,
			);
			path = CleaningAppTests;
			sourceTree = "<group>";
		};
		VIEWSGROUP /* Views */ = {
			isa = PBXGroup;
			children = (
				A004 /* OnboardingView.swift */,
				A005 /* HomeView.swift */,
				A006 /* FloorPlanView.swift */,
				A007 /* SupplyAndHistoryViews.swift */,
				A012 /* FixtureViews.swift */,
				A013 /* SplashView.swift */,
				A015 /* ReportView.swift */,
				A016 /* PhotoRecordView.swift */,
				A018 /* PremiumGateView.swift */,
				A019 /* CalendarView.swift */,
				A020 /* ExportView.swift */,
				A022 /* MyPageView.swift */,
				A023 /* LanguageSelectView.swift */,
				A024 /* LegalView.swift */,
			);
			path = Views;
			sourceTree = "<group>";
		};
/* End PBXGroup section */

/* Begin PBXNativeTarget section */
		769CD6B92FB5341F00B21E63 /* PikariWidgetExtension */ = {
			isa = PBXNativeTarget;
			buildConfigurationList = 769CD6D52FB5342000B21E63 /* Build configuration list for PBXNativeTarget "PikariWidgetExtension" */;
			buildPhases = (
				769CD6B62FB5341F00B21E63 /* Sources */,
				769CD6B72FB5341F00B21E63 /* Frameworks */,
				769CD6B82FB5341F00B21E63 /* Resources */,
			);
			buildRules = (
			);
			dependencies = (
			);
			fileSystemSynchronizedGroups = (
				769CD6C02FB5341F00B21E63 /* PikariWidget */,
			);
			name = PikariWidgetExtension;
			packageProductDependencies = (
			);
			productName = PikariWidgetExtension;
			productReference = 769CD6BA2FB5341F00B21E63 /* PikariWidgetExtension.appex */;
			productType = "com.apple.product-type.app-extension";
		};
		TARGET1 /* CleaningApp */ = {
			isa = PBXNativeTarget;
			buildConfigurationList = BUILDCONFLIST /* Build configuration list for PBXNativeTarget "CleaningApp" */;
			buildPhases = (
				C001 /* Sources */,
				C002 /* Resources */,
				C003 /* Frameworks */,
				769CD6D02FB5342000B21E63 /* Embed Foundation Extensions */,
			);
			buildRules = (
			);
			dependencies = (
				769CD6CF2FB5342000B21E63 /* PBXTargetDependency */,
			);
			name = CleaningApp;
			productName = CleaningApp;
			productReference = A009 /* CleaningApp.app */;
			productType = "com.apple.product-type.application";
		};
		TARGET2 /* CleaningAppTests */ = {
			isa = PBXNativeTarget;
			buildConfigurationList = TESTBUILDCONFLIST /* Build configuration list for PBXNativeTarget "CleaningAppTests" */;
			buildPhases = (
				C004 /* Sources */,
				C006 /* Frameworks */,
			);
			buildRules = (
			);
			dependencies = (
				TESTDEP /* PBXTargetDependency */,
			);
			name = CleaningAppTests;
			productName = CleaningAppTests;
			productReference = A011 /* CleaningAppTests.xctest */;
			productType = "com.apple.product-type.bundle.unit-test";
		};
/* End PBXNativeTarget section */

/* Begin PBXProject section */
		PROJECT /* Project object */ = {
			isa = PBXProject;
			attributes = {
				BuildIndependentTargetsInParallel = 1;
				LastSwiftUpdateCheck = 2640;
				LastUpgradeCheck = 1600;
				TargetAttributes = {
					769CD6B92FB5341F00B21E63 = {
						CreatedOnToolsVersion = 26.4.1;
					};
					TARGET1 = {
						CreatedOnToolsVersion = 16.0;
					};
					TARGET2 = {
						CreatedOnToolsVersion = 16.0;
						TestTargetID = TARGET1;
					};
				};
			};
			buildConfigurationList = PROJBUILDCONFLIST /* Build configuration list for PBXProject "CleaningApp" */;
			compatibilityVersion = "Xcode 14.0";
			developmentRegion = ja;
			hasScannedForEncodings = 0;
			knownRegions = (
				ja,
				Base,
				en,
			);
			mainGroup = ROOT;
			productRefGroup = PRODUCTS /* Products */;
			projectDirPath = "";
			projectRoot = "";
			targets = (
				TARGET1 /* CleaningApp */,
				TARGET2 /* CleaningAppTests */,
				769CD6B92FB5341F00B21E63 /* PikariWidgetExtension */,
			);
		};
/* End PBXProject section */

/* Begin PBXResourcesBuildPhase section */
		769CD6B82FB5341F00B21E63 /* Resources */ = {
			isa = PBXResourcesBuildPhase;
			buildActionMask = 2147483647;
			files = (
			);
			runOnlyForDeploymentPostprocessing = 0;
		};
		C002 /* Resources */ = {
			isa = PBXResourcesBuildPhase;
			buildActionMask = 2147483647;
			files = (
				B008 /* Assets.xcassets in Resources */,
			);
			runOnlyForDeploymentPostprocessing = 0;
		};
/* End PBXResourcesBuildPhase section */

/* Begin PBXSourcesBuildPhase section */
		769CD6B62FB5341F00B21E63 /* Sources */ = {
			isa = PBXSourcesBuildPhase;
			buildActionMask = 2147483647;
			files = (
			);
			runOnlyForDeploymentPostprocessing = 0;
		};
		C001 /* Sources */ = {
			isa = PBXSourcesBuildPhase;
			buildActionMask = 2147483647;
			files = (
				B001 /* CleaningApp.swift in Sources */,
				B002 /* CleaningModels.swift in Sources */,
				B003 /* ContentView.swift in Sources */,
				B004 /* OnboardingView.swift in Sources */,
				B005 /* HomeView.swift in Sources */,
				B006 /* FloorPlanView.swift in Sources */,
				769B89762FB29EA20001CCB2 /* WidgetSharedData.swift in Sources */,
				B007 /* SupplyAndHistoryViews.swift in Sources */,
				B011 /* FixtureViews.swift in Sources */,
				B012 /* SplashView.swift in Sources */,
				B013 /* NotificationManager.swift in Sources */,
				B014 /* ReportView.swift in Sources */,
				B015 /* PhotoRecordView.swift in Sources */,
				B016 /* PremiumManager.swift in Sources */,
				B017 /* PremiumGateView.swift in Sources */,
				B018 /* CalendarView.swift in Sources */,
				B019 /* ExportView.swift in Sources */,
				B020 /* LocalizationManager.swift in Sources */,
				B021 /* MyPageView.swift in Sources */,
				B022 /* LanguageSelectView.swift in Sources */,
				B023 /* LegalView.swift in Sources */,
			);
			runOnlyForDeploymentPostprocessing = 0;
		};
		C004 /* Sources */ = {
			isa = PBXSourcesBuildPhase;
			buildActionMask = 2147483647;
			files = (
				B009 /* CleaningAppTests.swift in Sources */,
				B010 /* CleaningModels.swift in Sources */,
			);
			runOnlyForDeploymentPostprocessing = 0;
		};
/* End PBXSourcesBuildPhase section */

/* Begin PBXTargetDependency section */
		769CD6CF2FB5342000B21E63 /* PBXTargetDependency */ = {
			isa = PBXTargetDependency;
			target = 769CD6B92FB5341F00B21E63 /* PikariWidgetExtension */;
			targetProxy = 769CD6CE2FB5342000B21E63 /* PBXContainerItemProxy */;
		};
		TESTDEP /* PBXTargetDependency */ = {
			isa = PBXTargetDependency;
			target = TARGET1 /* CleaningApp */;
			targetProxy = 769B89722FB29CDD0001CCB2 /* PBXContainerItemProxy */;
		};
/* End PBXTargetDependency section */

/* Begin XCBuildConfiguration section */
		769CD6D22FB5342000B21E63 /* Debug */ = {
			isa = XCBuildConfiguration;
			buildSettings = {
				CODE_SIGN_ENTITLEMENTS = PikariWidgetExtension.entitlements;
				CODE_SIGN_IDENTITY = "iPhone Developer";
				"CODE_SIGN_IDENTITY[sdk=iphoneos*]" = "iPhone Distribution";
				CODE_SIGN_STYLE = Manual;
				CURRENT_PROJECT_VERSION = 1;
				DEVELOPMENT_TEAM = "";
				"DEVELOPMENT_TEAM[sdk=iphoneos*]" = 4VBCU2M332;
				GENERATE_INFOPLIST_FILE = YES;
				INFOPLIST_FILE = PikariWidget/Info.plist;
				INFOPLIST_KEY_CFBundleDisplayName = PikariWidget;
				IPHONEOS_DEPLOYMENT_TARGET = 18.0;
				LD_RUNPATH_SEARCH_PATHS = (
					"$(inherited)",
					"@executable_path/Frameworks",
					"@executable_path/../../Frameworks",
				);
				MARKETING_VERSION = 1.0;
				PRODUCT_BUNDLE_IDENTIFIER = com.hiroki.CleaningApp.PikariWidget;
				PRODUCT_NAME = "$(TARGET_NAME)";
				PROVISIONING_PROFILE_SPECIFIER = "";
				"PROVISIONING_PROFILE_SPECIFIER[sdk=iphoneos*]" = "Pikari Widget App Store";
				SKIP_INSTALL = YES;
				SWIFT_VERSION = 5.0;
				TARGETED_DEVICE_FAMILY = 1;
			};
			name = Debug;
		};
		769CD6D32FB5342000B21E63 /* Release */ = {
			isa = XCBuildConfiguration;
			buildSettings = {
				CODE_SIGN_ENTITLEMENTS = PikariWidgetExtension.entitlements;
				CODE_SIGN_IDENTITY = "iPhone Developer";
				"CODE_SIGN_IDENTITY[sdk=iphoneos*]" = "iPhone Distribution";
				CODE_SIGN_STYLE = Manual;
				CURRENT_PROJECT_VERSION = 1;
				DEVELOPMENT_TEAM = "";
				"DEVELOPMENT_TEAM[sdk=iphoneos*]" = 4VBCU2M332;
				GENERATE_INFOPLIST_FILE = YES;
				INFOPLIST_FILE = PikariWidget/Info.plist;
				INFOPLIST_KEY_CFBundleDisplayName = PikariWidget;
				IPHONEOS_DEPLOYMENT_TARGET = 18.0;
				LD_RUNPATH_SEARCH_PATHS = (
					"$(inherited)",
					"@executable_path/Frameworks",
					"@executable_path/../../Frameworks",
				);
				MARKETING_VERSION = 1.0;
				MTL_ENABLE_DEBUG_INFO = NO;
				PRODUCT_BUNDLE_IDENTIFIER = com.hiroki.CleaningApp.PikariWidget;
				PRODUCT_NAME = "$(TARGET_NAME)";
				PROVISIONING_PROFILE_SPECIFIER = "";
				"PROVISIONING_PROFILE_SPECIFIER[sdk=iphoneos*]" = "Pikari Widget App Store";
				SKIP_INSTALL = YES;
				SWIFT_VERSION = 5.0;
				TARGETED_DEVICE_FAMILY = 1;
			};
			name = Release;
		};
		DEBUG1 /* Debug */ = {
			isa = XCBuildConfiguration;
			buildSettings = {
				ALWAYS_SEARCH_USER_PATHS = NO;
				CLANG_ENABLE_MODULES = YES;
				CLANG_ENABLE_OBJC_ARC = YES;
				DEBUG_INFORMATION_FORMAT = dwarf;
				ENABLE_TESTABILITY = YES;
				ENABLE_USER_SCRIPT_SANDBOXING = YES;
				GCC_OPTIMIZATION_LEVEL = 0;
				GCC_PREPROCESSOR_DEFINITIONS = (
					"DEBUG=1",
					"$(inherited)",
				);
				IPHONEOS_DEPLOYMENT_TARGET = 18.0;
				MTL_ENABLE_DEBUG_INFO = INCLUDE_SOURCE;
				ONLY_ACTIVE_ARCH = YES;
				SDKROOT = iphoneos;
				SWIFT_ACTIVE_COMPILATION_CONDITIONS = "DEBUG $(inherited)";
				SWIFT_OPTIMIZATION_LEVEL = "-Onone";
			};
			name = Debug;
		};
		RELEASE1 /* Release */ = {
			isa = XCBuildConfiguration;
			buildSettings = {
				ALWAYS_SEARCH_USER_PATHS = NO;
				CLANG_ENABLE_MODULES = YES;
				CLANG_ENABLE_OBJC_ARC = YES;
				DEBUG_INFORMATION_FORMAT = "dwarf-with-dsym";
				ENABLE_NS_ASSERTIONS = NO;
				ENABLE_USER_SCRIPT_SANDBOXING = YES;
				IPHONEOS_DEPLOYMENT_TARGET = 18.0;
				SDKROOT = iphoneos;
				SWIFT_COMPILATION_MODE = wholemodule;
				VALIDATE_PRODUCT = YES;
			};
			name = Release;
		};
		TDEBUG1 /* Debug */ = {
			isa = XCBuildConfiguration;
			buildSettings = {
				ASSETCATALOG_COMPILER_APPICON_NAME = AppIcon;
				ASSETCATALOG_COMPILER_GLOBAL_ACCENT_COLOR_NAME = AccentColor;
				CODE_SIGN_IDENTITY = "iPhone Developer";
				"CODE_SIGN_IDENTITY[sdk=iphoneos*]" = "iPhone Distribution";
				CODE_SIGN_STYLE = Manual;
				CURRENT_PROJECT_VERSION = 1;
				DEVELOPMENT_TEAM = "";
				"DEVELOPMENT_TEAM[sdk=iphoneos*]" = 4VBCU2M332;
				GENERATE_INFOPLIST_FILE = YES;
				INFOPLIST_KEY_CFBundleDisplayName = Pikari;
				INFOPLIST_KEY_UIApplicationSceneManifest_Generation = YES;
				INFOPLIST_KEY_UIApplicationSupportsIndirectInputEvents = YES;
				INFOPLIST_KEY_UILaunchScreen_Generation = YES;
				INFOPLIST_KEY_UISupportedInterfaceOrientations_iPhone = "UIInterfaceOrientationPortrait UIInterfaceOrientationLandscapeLeft UIInterfaceOrientationLandscapeRight";
				IPHONEOS_DEPLOYMENT_TARGET = 18.0;
				LD_RUNPATH_SEARCH_PATHS = (
					"$(inherited)",
					"@executable_path/Frameworks",
				);
				MARKETING_VERSION = 1.0;
				PRODUCT_BUNDLE_IDENTIFIER = com.hiroki.CleaningApp;
				PRODUCT_NAME = "$(TARGET_NAME)";
				PROVISIONING_PROFILE_SPECIFIER = "";
				"PROVISIONING_PROFILE_SPECIFIER[sdk=iphoneos*]" = "Pikari App Store";
				SDKROOT = iphoneos;
				SWIFT_EMIT_LOC_STRINGS = YES;
				SWIFT_VERSION = 6.0;
				TARGETED_DEVICE_FAMILY = 1;
			};
			name = Debug;
		};
		TESTDEBUG1 /* Debug */ = {
			isa = XCBuildConfiguration;
			buildSettings = {
				BUNDLE_LOADER = "$(TEST_HOST)";
				CODE_SIGN_STYLE = Automatic;
				CURRENT_PROJECT_VERSION = 1;
				DEVELOPMENT_TEAM = "";
				GENERATE_INFOPLIST_FILE = YES;
				IPHONEOS_DEPLOYMENT_TARGET = 18.0;
				LD_RUNPATH_SEARCH_PATHS = (
					"$(inherited)",
					"@executable_path/Frameworks",
					"@loader_path/Frameworks",
				);
				MARKETING_VERSION = 1.0;
				PRODUCT_BUNDLE_IDENTIFIER = com.hiroki.CleaningAppTests;
				PRODUCT_NAME = "$(TARGET_NAME)";
				SDKROOT = iphoneos;
				SWIFT_EMIT_LOC_STRINGS = NO;
				SWIFT_VERSION = 6.0;
				TARGETED_DEVICE_FAMILY = 1;
				TEST_HOST = "$(BUILT_PRODUCTS_DIR)/CleaningApp.app/$(BUNDLE_EXECUTABLE_FOLDER_PATH)/CleaningApp";
			};
			name = Debug;
		};
		TESTRELEASE1 /* Release */ = {
			isa = XCBuildConfiguration;
			buildSettings = {
				BUNDLE_LOADER = "$(TEST_HOST)";
				CODE_SIGN_STYLE = Automatic;
				CURRENT_PROJECT_VERSION = 1;
				DEVELOPMENT_TEAM = "";
				GENERATE_INFOPLIST_FILE = YES;
				IPHONEOS_DEPLOYMENT_TARGET = 18.0;
				LD_RUNPATH_SEARCH_PATHS = (
					"$(inherited)",
					"@executable_path/Frameworks",
					"@loader_path/Frameworks",
				);
				MARKETING_VERSION = 1.0;
				PRODUCT_BUNDLE_IDENTIFIER = com.hiroki.CleaningAppTests;
				PRODUCT_NAME = "$(TARGET_NAME)";
				SDKROOT = iphoneos;
				SWIFT_EMIT_LOC_STRINGS = NO;
				SWIFT_VERSION = 6.0;
				TARGETED_DEVICE_FAMILY = 1;
				TEST_HOST = "$(BUILT_PRODUCTS_DIR)/CleaningApp.app/$(BUNDLE_EXECUTABLE_FOLDER_PATH)/CleaningApp";
			};
			name = Release;
		};
		TRELEASE1 /* Release */ = {
			isa = XCBuildConfiguration;
			buildSettings = {
				ASSETCATALOG_COMPILER_APPICON_NAME = AppIcon;
				ASSETCATALOG_COMPILER_GLOBAL_ACCENT_COLOR_NAME = AccentColor;
				CODE_SIGN_IDENTITY = "iPhone Developer";
				"CODE_SIGN_IDENTITY[sdk=iphoneos*]" = "iPhone Distribution";
				CODE_SIGN_STYLE = Manual;
				CURRENT_PROJECT_VERSION = 1;
				DEVELOPMENT_TEAM = "";
				"DEVELOPMENT_TEAM[sdk=iphoneos*]" = 4VBCU2M332;
				GENERATE_INFOPLIST_FILE = YES;
				INFOPLIST_KEY_CFBundleDisplayName = Pikari;
				INFOPLIST_KEY_UIApplicationSceneManifest_Generation = YES;
				INFOPLIST_KEY_UIApplicationSupportsIndirectInputEvents = YES;
				INFOPLIST_KEY_UILaunchScreen_Generation = YES;
				INFOPLIST_KEY_UISupportedInterfaceOrientations_iPhone = "UIInterfaceOrientationPortrait UIInterfaceOrientationLandscapeLeft UIInterfaceOrientationLandscapeRight";
				IPHONEOS_DEPLOYMENT_TARGET = 18.0;
				LD_RUNPATH_SEARCH_PATHS = (
					"$(inherited)",
					"@executable_path/Frameworks",
				);
				MARKETING_VERSION = 1.0;
				PRODUCT_BUNDLE_IDENTIFIER = com.hiroki.CleaningApp;
				PRODUCT_NAME = "$(TARGET_NAME)";
				PROVISIONING_PROFILE_SPECIFIER = "";
				"PROVISIONING_PROFILE_SPECIFIER[sdk=iphoneos*]" = "Pikari App Store";
				SDKROOT = iphoneos;
				SWIFT_EMIT_LOC_STRINGS = YES;
				SWIFT_VERSION = 6.0;
				TARGETED_DEVICE_FAMILY = 1;
			};
			name = Release;
		};
/* End XCBuildConfiguration section */

/* Begin XCConfigurationList section */
		769CD6D52FB5342000B21E63 /* Build configuration list for PBXNativeTarget "PikariWidgetExtension" */ = {
			isa = XCConfigurationList;
			buildConfigurations = (
				769CD6D22FB5342000B21E63 /* Debug */,
				769CD6D32FB5342000B21E63 /* Release */,
			);
			defaultConfigurationIsVisible = 0;
			defaultConfigurationName = Release;
		};
		BUILDCONFLIST /* Build configuration list for PBXNativeTarget "CleaningApp" */ = {
			isa = XCConfigurationList;
			buildConfigurations = (
				TDEBUG1 /* Debug */,
				TRELEASE1 /* Release */,
			);
			defaultConfigurationIsVisible = 0;
			defaultConfigurationName = Release;
		};
		PROJBUILDCONFLIST /* Build configuration list for PBXProject "CleaningApp" */ = {
			isa = XCConfigurationList;
			buildConfigurations = (
				DEBUG1 /* Debug */,
				RELEASE1 /* Release */,
			);
			defaultConfigurationIsVisible = 0;
			defaultConfigurationName = Release;
		};
		TESTBUILDCONFLIST /* Build configuration list for PBXNativeTarget "CleaningAppTests" */ = {
			isa = XCConfigurationList;
			buildConfigurations = (
				TESTDEBUG1 /* Debug */,
				TESTRELEASE1 /* Release */,
			);
			defaultConfigurationIsVisible = 0;
			defaultConfigurationName = Release;
		};
/* End XCConfigurationList section */
	};
	rootObject = PROJECT /* Project object */;
}
