// !$*UTF8*$!
{
	archiveVersion = 1;
	classes = {
	};
	objectVersion = 70;
	objects = {

/* Begin PBXBuildFile section */
		769B89762FB29EA20001CCB2 /* WidgetSharedData.swift in Sources */ = {isa = PBXBuildFile; fileRef = 769B89752FB29EA20001CCB2 /* WidgetSharedData.swift */; };
		769CD6BD2FB5341F00B21E63 /* WidgetKit.framework in Frameworks */ = {isa = PBXBuildFile; fileRef = 769CD6BC2FB5341F00B21E63 /* WidgetKit.framework */; };
		769CD6BF2FB5341F00B21E63 /* SwiftUI.framework in Frameworks */ = {isa = PBXBuildFile; fileRef = 769CD6BE2FB5341F00B21E63 /* SwiftUI.framework */; };
		769CD6D12FB5342000B21E63 /* PikariWidgetExtension.appex in Embed Foundation Extensions */ = {isa = PBXBuildFile; fileRef = 769CD6BA2FB5341F00B21E63 /* PikariWidgetExtension.appex */; settings = {ATTRIBUTES = (RemoveHeadersOnCopy, ); }; };
		B001 /* CleaningApp.swift in Sources */ = {isa = PBXBuildFile; fileRef = A001; };
		B002 /* CleaningModels.swift in Sources */ = {isa = PBXBuildFile; fileRef = A002; };
		B003 /* ContentView.swift in Sources */ = {isa = PBXBuildFile; fileRef = A003; };
		B004 /* OnboardingView.swift in Sources */ = {isa = PBXBuildFile; fileRef = A004; };
		B005 /* HomeView.swift in Sources */ = {isa = PBXBuildFile; fileRef = A005; };
		B006 /* FloorPlanView.swift in Sources */ = {isa = PBXBuildFile; fileRef = A006; };
		B007 /* SupplyAndHistoryViews.swift in Sources */ = {isa = PBXBuildFile; fileRef = A007; };
		B008 /* Assets.xcassets in Resources */ = {isa = PBXBuildFile; fileRef = A008; };
		B009 /* CleaningAppTests.swift in Sources */ = {isa = PBXBuildFile; fileRef = A010; };
		B010 /* CleaningModels.swift in Sources */ = {isa = PBXBuildFile; fileRef = A002; };
		B011 /* FixtureViews.swift in Sources */ = {isa = PBXBuildFile; fileRef = A012; };
		B012 /* SplashView.swift in Sources */ = {isa = PBXBuildFile; fileRef = A013; };
		B013 /* NotificationManager.swift in Sources */ = {isa = PBXBuildFile; fileRef = A014; };
		B014 /* ReportView.swift in Sources */ = {isa = PBXBuildFile; fileRef = A015; };
		B015 /* PhotoRecordView.swift in Sources */ = {isa = PBXBuildFile; fileRef = A016; };
		B016 /* PremiumManager.swift in Sources */ = {isa = PBXBuildFile; fileRef = A017; };
		B017 /* PremiumGateView.swift in Sources */ = {isa = PBXBuildFile; fileRef = A018; };
		B018 /* CalendarView.swift in Sources */ = {isa = PBXBuildFile; fileRef = A019; };
		B019 /* ExportView.swift in Sources */ = {isa = PBXBuildFile; fileRef = A020; };
		B020 /* LocalizationManager.swift in Sources */ = {isa = PBXBuildFile; fileRef = A021; };
		B021 /* MyPageView.swift in Sources */ = {isa = PBXBuildFile; fileRef = A022; };
		B022 /* LanguageSelectView.swift in Sources */ = {isa = PBXBuildFile; fileRef = A023; };
		B023 /* LegalView.swift in Sources */ = {isa = PBXBuildFile; fileRef = A024; };
/* End PBXBuildFile section */

/* Begin PBXContainerItemProxy section */
		769B89722FB29CDD0001CCB2 /* PBXContainerItemProxy */ = {
			isa = PBXContainerItemProxy;
			containerPortal = PROJECT;
			proxyType = 1;
			remoteGlobalIDString = TARGET1;
			remoteInfo = CleaningApp;
		};
		769CD6CE2FB5342000B21E63 /* PBXContainerItemProxy */ = {
			isa = PBXContainerItemProxy;
			containerPortal = PROJECT;
			proxyType = 1;
			remoteGlobalIDString = 769CD6B92FB5341F00B21E63;
			remoteInfo = PikariWidgetExtension;
		};
/* End PBXContainerItemProxy section */

/* Begin PBXCopyFilesBuildPhase section */
		769CD6D02FB5342000B21E63 /* Embed Foundation Extensions */ = {
			isa = PBXCopyFilesBuildPhase;
			buildActionMask = 2147483647;
			dstPath = "";
			dstSubfolderSpec = 13;
			files = (769CD6D12FB5342000B21E63,);
			name = "Embed Foundation Extensions";
			runOnlyForDeploymentPostprocessing = 0;
		};
/* End PBXCopyFilesBuildPhase section */

/* Begin PBXFileReference section */
		769B89752FB29EA20001CCB2 /* WidgetSharedData.swift */ = {isa = PBXFileReference; lastKnownFileType = sourcecode.swift; path = WidgetSharedData.swift; sourceTree = "<group>"; };
		769CD6BA2FB5341F00B21E63 /* PikariWidgetExtension.appex */ = {isa = PBXFileReference; explicitFileType = "wrapper.app-extension"; includeInIndex = 0; path = PikariWidgetExtension.appex; sourceTree = BUILT_PRODUCTS_DIR; };
		769CD6BC2FB5341F00B21E63 /* WidgetKit.framework */ = {isa = PBXFileReference; lastKnownFileType = wrapper.framework; name = WidgetKit.framework; path = System/Library/Frameworks/WidgetKit.framework; sourceTree = SDKROOT; };
		769CD6BE2FB5341F00B21E63 /* SwiftUI.framework */ = {isa = PBXFileReference; lastKnownFileType = wrapper.framework; name = SwiftUI.framework; path = System/Library/Frameworks/SwiftUI.framework; sourceTree = SDKROOT; };
		769CD6D82FB537E300B21E63 /* CleaningApp.entitlements */ = {isa = PBXFileReference; lastKnownFileType = text.plist.entitlements; path = CleaningApp.entitlements; sourceTree = "<group>"; };
		769CD6D92FB5381C00B21E63 /* PikariWidgetExtension.entitlements */ = {isa = PBXFileReference; lastKnownFileType = text.plist.entitlements; path = PikariWidgetExtension.entitlements; sourceTree = "<group>"; };
		A001 = {isa = PBXFileReference; lastKnownFileType = sourcecode.swift; path = CleaningApp.swift; sourceTree = "<group>"; };
		A002 = {isa = PBXFileReference; lastKnownFileType = sourcecode.swift; path = CleaningModels.swift; sourceTree = "<group>"; };
		A003 = {isa = PBXFileReference; lastKnownFileType = sourcecode.swift; path = ContentView.swift; sourceTree = "<group>"; };
		A004 = {isa = PBXFileReference; lastKnownFileType = sourcecode.swift; path = OnboardingView.swift; sourceTree = "<group>"; };
		A005 = {isa = PBXFileReference; lastKnownFileType = sourcecode.swift; path = HomeView.swift; sourceTree = "<group>"; };
		A006 = {isa = PBXFileReference; lastKnownFileType = sourcecode.swift; path = FloorPlanView.swift; sourceTree = "<group>"; };
		A007 = {isa = PBXFileReference; lastKnownFileType = sourcecode.swift; path = SupplyAndHistoryViews.swift; sourceTree = "<group>"; };
		A008 = {isa = PBXFileReference; lastKnownFileType = folder.assetcatalog; path = Assets.xcassets; sourceTree = "<group>"; };
		A009 = {isa = PBXFileReference; explicitFileType = wrapper.application; includeInIndex = 0; path = CleaningApp.app; sourceTree = BUILT_PRODUCTS_DIR; };
		A010 = {isa = PBXFileReference; lastKnownFileType = sourcecode.swift; path = CleaningAppTests.swift; sourceTree = "<group>"; };
		A011 = {isa = PBXFileReference; explicitFileType = wrapper.cfbundle; includeInIndex = 0; path = CleaningAppTests.xctest; sourceTree = BUILT_PRODUCTS_DIR; };
		A012 = {isa = PBXFileReference; lastKnownFileType = sourcecode.swift; path = FixtureViews.swift; sourceTree = "<group>"; };
		A013 = {isa = PBXFileReference; lastKnownFileType = sourcecode.swift; path = SplashView.swift; sourceTree = "<group>"; };
		A014 = {isa = PBXFileReference; lastKnownFileType = sourcecode.swift; path = NotificationManager.swift; sourceTree = "<group>"; };
		A015 = {isa = PBXFileReference; lastKnownFileType = sourcecode.swift; path = ReportView.swift; sourceTree = "<group>"; };
		A016 = {isa = PBXFileReference; lastKnownFileType = sourcecode.swift; path = PhotoRecordView.swift; sourceTree = "<group>"; };
		A017 = {isa = PBXFileReference; lastKnownFileType = sourcecode.swift; path = PremiumManager.swift; sourceTree = "<group>"; };
		A018 = {isa = PBXFileReference; lastKnownFileType = sourcecode.swift; path = PremiumGateView.swift; sourceTree = "<group>"; };
		A019 = {isa = PBXFileReference; lastKnownFileType = sourcecode.swift; path = CalendarView.swift; sourceTree = "<group>"; };
		A020 = {isa = PBXFileReference; lastKnownFileType = sourcecode.swift; path = ExportView.swift; sourceTree = "<group>"; };
		A021 = {isa = PBXFileReference; lastKnownFileType = sourcecode.swift; path = LocalizationManager.swift; sourceTree = "<group>"; };
		A022 = {isa = PBXFileReference; lastKnownFileType = sourcecode.swift; path = MyPageView.swift; sourceTree = "<group>"; };
		A023 = {isa = PBXFileReference; lastKnownFileType = sourcecode.swift; path = LanguageSelectView.swift; sourceTree = "<group>"; };
		A024 = {isa = PBXFileReference; lastKnownFileType = sourcecode.swift; path = LegalView.swift; sourceTree = "<group>"; };
/* End PBXFileReference section */

/* Begin PBXFileSystemSynchronizedBuildFileExceptionSet section */
		769CD6D42FB5342000B21E63 = {
			isa = PBXFileSystemSynchronizedBuildFileExceptionSet;
			membershipExceptions = (Info.plist,);
			target = 769CD6B92FB5341F00B21E63;
		};
/* End PBXFileSystemSynchronizedBuildFileExceptionSet section */

/* Begin PBXFileSystemSynchronizedRootGroup section */
		769CD6C02FB5341F00B21E63 /* PikariWidget */ = {isa = PBXFileSystemSynchronizedRootGroup; exceptions = (769CD6D42FB5342000B21E63,); explicitFileTypes = {}; explicitFolders = (); path = PikariWidget; sourceTree = "<group>"; };
/* End PBXFileSystemSynchronizedRootGroup section */

/* Begin PBXFrameworksBuildPhase section */
		769CD6B72FB5341F00B21E63 = {
			isa = PBXFrameworksBuildPhase;
			buildActionMask = 2147483647;
			files = (769CD6BF2FB5341F00B21E63, 769CD6BD2FB5341F00B21E63,);
			runOnlyForDeploymentPostprocessing = 0;
		};
		C003 = {
			isa = PBXFrameworksBuildPhase;
			buildActionMask = 2147483647;
			files = ();
			runOnlyForDeploymentPostprocessing = 0;
		};
		C006 = {
			isa = PBXFrameworksBuildPhase;
			buildActionMask = 2147483647;
			files = ();
			runOnlyForDeploymentPostprocessing = 0;
		};
/* End PBXFrameworksBuildPhase section */

/* Begin PBXGroup section */
		769CD6BB2FB5341F00B21E63 = {
			isa = PBXGroup;
			children = (769CD6BC2FB5341F00B21E63, 769CD6BE2FB5341F00B21E63,);
			name = Frameworks;
			sourceTree = "<group>";
		};
		APPGROUP = {
			isa = PBXGroup;
			children = (
				769CD6D82FB537E300B21E63,
				769B89752FB29EA20001CCB2,
				A001, A002, A003, A014, A017, A021,
				VIEWSGROUP, A008,
			);
			path = CleaningApp;
			sourceTree = "<group>";
		};
		PRODUCTS = {
			isa = PBXGroup;
			children = (A009, A011, 769CD6BA2FB5341F00B21E63,);
			name = Products;
			sourceTree = "<group>";
		};
		ROOT = {
			isa = PBXGroup;
			children = (
				769CD6D92FB5381C00B21E63,
				APPGROUP, TESTGROUP,
				769CD6C02FB5341F00B21E63,
				769CD6BB2FB5341F00B21E63,
				PRODUCTS,
			);
			sourceTree = "<group>";
		};
		TESTGROUP = {
			isa = PBXGroup;
			children = (A010,);
			path = CleaningAppTests;
			sourceTree = "<group>";
		};
		VIEWSGROUP = {
			isa = PBXGroup;
			children = (
				A004, A005, A006, A007, A012, A013,
				A015, A016, A018, A019, A020,
				A022, A023, A024,
			);
			path = Views;
			sourceTree = "<group>";
		};
/* End PBXGroup section */

/* Begin PBXNativeTarget section */
		769CD6B92FB5341F00B21E63 = {
			isa = PBXNativeTarget;
			buildConfigurationList = 769CD6D52FB5342000B21E63;
			buildPhases = (769CD6B62FB5341F00B21E63, 769CD6B72FB5341F00B21E63, 769CD6B82FB5341F00B21E63,);
			buildRules = ();
			dependencies = ();
			fileSystemSynchronizedGroups = (769CD6C02FB5341F00B21E63,);
			name = PikariWidgetExtension;
			packageProductDependencies = ();
			productName = PikariWidgetExtension;
			productReference = 769CD6BA2FB5341F00B21E63;
			productType = "com.apple.product-type.app-extension";
		};
		TARGET1 = {
			isa = PBXNativeTarget;
			buildConfigurationList = BUILDCONFLIST;
			buildPhases = (C001, C002, C003, 769CD6D02FB5342000B21E63,);
			buildRules = ();
			dependencies = (769CD6CF2FB5342000B21E63,);
			name = CleaningApp;
			productName = CleaningApp;
			productReference = A009;
			productType = "com.apple.product-type.application";
		};
		TARGET2 = {
			isa = PBXNativeTarget;
			buildConfigurationList = TESTBUILDCONFLIST;
			buildPhases = (C004, C006,);
			buildRules = ();
			dependencies = (TESTDEP,);
			name = CleaningAppTests;
			productName = CleaningAppTests;
			productReference = A011;
			productType = "com.apple.product-type.bundle.unit-test";
		};
/* End PBXNativeTarget section */

/* Begin PBXProject section */
		PROJECT = {
			isa = PBXProject;
			attributes = {
				BuildIndependentTargetsInParallel = 1;
				LastSwiftUpdateCheck = 2640;
				LastUpgradeCheck = 1600;
				TargetAttributes = {
					769CD6B92FB5341F00B21E63 = { CreatedOnToolsVersion = 26.4.1; };
					TARGET1 = { CreatedOnToolsVersion = 16.0; };
					TARGET2 = { CreatedOnToolsVersion = 16.0; TestTargetID = TARGET1; };
				};
			};
			buildConfigurationList = PROJBUILDCONFLIST;
			compatibilityVersion = "Xcode 14.0";
			developmentRegion = ja;
			hasScannedForEncodings = 0;
			knownRegions = (ja, Base, en);
			mainGroup = ROOT;
			productRefGroup = PRODUCTS;
			projectDirPath = "";
			projectRoot = "";
			targets = (TARGET1, TARGET2, 769CD6B92FB5341F00B21E63);
		};
/* End PBXProject section */

/* Begin PBXResourcesBuildPhase section */
		769CD6B82FB5341F00B21E63 = {
			isa = PBXResourcesBuildPhase;
			buildActionMask = 2147483647;
			files = ();
			runOnlyForDeploymentPostprocessing = 0;
		};
		C002 = {
			isa = PBXResourcesBuildPhase;
			buildActionMask = 2147483647;
			files = (B008,);
			runOnlyForDeploymentPostprocessing = 0;
		};
/* End PBXResourcesBuildPhase section */

/* Begin PBXSourcesBuildPhase section */
		769CD6B62FB5341F00B21E63 = {
			isa = PBXSourcesBuildPhase;
			buildActionMask = 2147483647;
			files = ();
			runOnlyForDeploymentPostprocessing = 0;
		};
		C001 = {
			isa = PBXSourcesBuildPhase;
			buildActionMask = 2147483647;
			files = (
				B001, B002, B003, B004, B005, B006,
				769B89762FB29EA20001CCB2,
				B007, B011, B012, B013, B014, B015,
				B016, B017, B018, B019, B020, B021,
				B022, B023,
			);
			runOnlyForDeploymentPostprocessing = 0;
		};
		C004 = {
			isa = PBXSourcesBuildPhase;
			buildActionMask = 2147483647;
			files = (B009, B010,);
			runOnlyForDeploymentPostprocessing = 0;
		};
/* End PBXSourcesBuildPhase section */

/* Begin PBXTargetDependency section */
		769CD6CF2FB5342000B21E63 = {
			isa = PBXTargetDependency;
			target = 769CD6B92FB5341F00B21E63;
			targetProxy = 769CD6CE2FB5342000B21E63;
		};
		TESTDEP = {
			isa = PBXTargetDependency;
			target = TARGET1;
			targetProxy = 769B89722FB29CDD0001CCB2;
		};
/* End PBXTargetDependency section */

/* Begin XCBuildConfiguration section */
		769CD6D22FB5342000B21E63 /* Debug */ = {
			isa = XCBuildConfiguration;
			buildSettings = {
				CODE_SIGN_ENTITLEMENTS = PikariWidgetExtension.entitlements;
				CODE_SIGN_IDENTITY = "iPhone Developer";
				CODE_SIGN_STYLE = Automatic;
				CURRENT_PROJECT_VERSION = 1;
				DEVELOPMENT_TEAM = 4VBCU2M332;
				GENERATE_INFOPLIST_FILE = YES;
				INFOPLIST_FILE = PikariWidget/Info.plist;
				INFOPLIST_KEY_CFBundleDisplayName = PikariWidget;
				IPHONEOS_DEPLOYMENT_TARGET = 18.0;
				LD_RUNPATH_SEARCH_PATHS = ("$(inherited)", "@executable_path/Frameworks", "@executable_path/../../Frameworks",);
				MARKETING_VERSION = 1.0;
				PRODUCT_BUNDLE_IDENTIFIER = com.hiroki.CleaningApp.PikariWidget;
				PRODUCT_NAME = "$(TARGET_NAME)";
				SKIP_INSTALL = YES;
				SWIFT_VERSION = 5.0;
				TARGETED_DEVICE_FAMILY = "1,2";
			};
			name = Debug;
		};
		769CD6D32FB5342000B21E63 /* Release */ = {
			isa = XCBuildConfiguration;
			buildSettings = {
				CODE_SIGN_ENTITLEMENTS = PikariWidgetExtension.entitlements;
				CODE_SIGN_IDENTITY = "iPhone Developer";
				CODE_SIGN_STYLE = Automatic;
				CURRENT_PROJECT_VERSION = 1;
				DEVELOPMENT_TEAM = 4VBCU2M332;
				GENERATE_INFOPLIST_FILE = YES;
				INFOPLIST_FILE = PikariWidget/Info.plist;
				INFOPLIST_KEY_CFBundleDisplayName = PikariWidget;
				IPHONEOS_DEPLOYMENT_TARGET = 18.0;
				LD_RUNPATH_SEARCH_PATHS = ("$(inherited)", "@executable_path/Frameworks", "@executable_path/../../Frameworks",);
				MARKETING_VERSION = 1.0;
				MTL_ENABLE_DEBUG_INFO = NO;
				PRODUCT_BUNDLE_IDENTIFIER = com.hiroki.CleaningApp.PikariWidget;
				PRODUCT_NAME = "$(TARGET_NAME)";
				SKIP_INSTALL = YES;
				SWIFT_VERSION = 5.0;
				TARGETED_DEVICE_FAMILY = "1,2";
			};
			name = Release;
		};
		DEBUG1 = {
			isa = XCBuildConfiguration;
			buildSettings = {
				ALWAYS_SEARCH_USER_PATHS = NO;
				CLANG_ENABLE_MODULES = YES;
				CLANG_ENABLE_OBJC_ARC = YES;
				DEBUG_INFORMATION_FORMAT = dwarf;
				ENABLE_TESTABILITY = YES;
				ENABLE_USER_SCRIPT_SANDBOXING = YES;
				GCC_OPTIMIZATION_LEVEL = 0;
				GCC_PREPROCESSOR_DEFINITIONS = ("DEBUG=1", "$(inherited)",);
				IPHONEOS_DEPLOYMENT_TARGET = 18.0;
				MTL_ENABLE_DEBUG_INFO = INCLUDE_SOURCE;
				ONLY_ACTIVE_ARCH = YES;
				SDKROOT = iphoneos;
				SWIFT_ACTIVE_COMPILATION_CONDITIONS = "DEBUG $(inherited)";
				SWIFT_OPTIMIZATION_LEVEL = "-Onone";
			};
			name = Debug;
		};
		RELEASE1 = {
			isa = XCBuildConfiguration;
			buildSettings = {
				ALWAYS_SEARCH_USER_PATHS = NO;
				CLANG_ENABLE_MODULES = YES;
				CLANG_ENABLE_OBJC_ARC = YES;
				DEBUG_INFORMATION_FORMAT = "dwarf-with-dsym";
				ENABLE_NS_ASSERTIONS = NO;
				ENABLE_USER_SCRIPT_SANDBOXING = YES;
				IPHONEOS_DEPLOYMENT_TARGET = 18.0;
				SDKROOT = iphoneos;
				SWIFT_COMPILATION_MODE = wholemodule;
				VALIDATE_PRODUCT = YES;
			};
			name = Release;
		};
		TDEBUG1 = {
			isa = XCBuildConfiguration;
			buildSettings = {
				ASSETCATALOG_COMPILER_APPICON_NAME = AppIcon;
				ASSETCATALOG_COMPILER_GLOBAL_ACCENT_COLOR_NAME = AccentColor;
				CODE_SIGN_ENTITLEMENTS = CleaningApp/CleaningApp.entitlements;
				CODE_SIGN_IDENTITY = "iPhone Developer";
				CODE_SIGN_STYLE = Automatic;
				CURRENT_PROJECT_VERSION = 1;
				DEVELOPMENT_TEAM = 4VBCU2M332;
				GENERATE_INFOPLIST_FILE = YES;
				INFOPLIST_KEY_CFBundleDisplayName = Pikari;
				INFOPLIST_KEY_UIApplicationSceneManifest_Generation = YES;
				INFOPLIST_KEY_UIApplicationSupportsIndirectInputEvents = YES;
				INFOPLIST_KEY_UILaunchScreen_Generation = YES;
				INFOPLIST_KEY_UISupportedInterfaceOrientations_iPhone = "UIInterfaceOrientationPortrait UIInterfaceOrientationLandscapeLeft UIInterfaceOrientationLandscapeRight";
				IPHONEOS_DEPLOYMENT_TARGET = 18.0;
				LD_RUNPATH_SEARCH_PATHS = ("$(inherited)", "@executable_path/Frameworks",);
				MARKETING_VERSION = 1.0;
				PRODUCT_BUNDLE_IDENTIFIER = com.hiroki.CleaningApp;
				PRODUCT_NAME = "$(TARGET_NAME)";
				SDKROOT = iphoneos;
				SWIFT_EMIT_LOC_STRINGS = YES;
				SWIFT_VERSION = 6.0;
				TARGETED_DEVICE_FAMILY = 1;
			};
			name = Debug;
		};
		TESTDEBUG1 = {
			isa = XCBuildConfiguration;
			buildSettings = {
				BUNDLE_LOADER = "$(TEST_HOST)";
				CODE_SIGN_STYLE = Automatic;
				CURRENT_PROJECT_VERSION = 1;
				DEVELOPMENT_TEAM = "";
				GENERATE_INFOPLIST_FILE = YES;
				IPHONEOS_DEPLOYMENT_TARGET = 18.0;
				LD_RUNPATH_SEARCH_PATHS = ("$(inherited)", "@executable_path/Frameworks", "@loader_path/Frameworks",);
				MARKETING_VERSION = 1.0;
				PRODUCT_BUNDLE_IDENTIFIER = com.hiroki.CleaningAppTests;
				PRODUCT_NAME = "$(TARGET_NAME)";
				SDKROOT = iphoneos;
				SWIFT_EMIT_LOC_STRINGS = NO;
				SWIFT_VERSION = 6.0;
				TARGETED_DEVICE_FAMILY = 1;
				TEST_HOST = "$(BUILT_PRODUCTS_DIR)/CleaningApp.app/$(BUNDLE_EXECUTABLE_FOLDER_PATH)/CleaningApp";
			};
			name = Debug;
		};
		TESTRELEASE1 = {
			isa = XCBuildConfiguration;
			buildSettings = {
				BUNDLE_LOADER = "$(TEST_HOST)";
				CODE_SIGN_STYLE = Automatic;
				CURRENT_PROJECT_VERSION = 1;
				DEVELOPMENT_TEAM = "";
				GENERATE_INFOPLIST_FILE = YES;
				IPHONEOS_DEPLOYMENT_TARGET = 18.0;
				LD_RUNPATH_SEARCH_PATHS = ("$(inherited)", "@executable_path/Frameworks", "@loader_path/Frameworks",);
				MARKETING_VERSION = 1.0;
				PRODUCT_BUNDLE_IDENTIFIER = com.hiroki.CleaningAppTests;
				PRODUCT_NAME = "$(TARGET_NAME)";
				SDKROOT = iphoneos;
				SWIFT_EMIT_LOC_STRINGS = NO;
				SWIFT_VERSION = 6.0;
				TARGETED_DEVICE_FAMILY = 1;
				TEST_HOST = "$(BUILT_PRODUCTS_DIR)/CleaningApp.app/$(BUNDLE_EXECUTABLE_FOLDER_PATH)/CleaningApp";
			};
			name = Release;
		};
		TRELEASE1 = {
			isa = XCBuildConfiguration;
			buildSettings = {
				ASSETCATALOG_COMPILER_APPICON_NAME = AppIcon;
				ASSETCATALOG_COMPILER_GLOBAL_ACCENT_COLOR_NAME = AccentColor;
				CODE_SIGN_ENTITLEMENTS = CleaningApp/CleaningApp.entitlements;
				CODE_SIGN_IDENTITY = "iPhone Developer";
				CODE_SIGN_STYLE = Automatic;
				CURRENT_PROJECT_VERSION = 1;
				DEVELOPMENT_TEAM = 4VBCU2M332;
				GENERATE_INFOPLIST_FILE = YES;
				INFOPLIST_KEY_CFBundleDisplayName = Pikari;
				INFOPLIST_KEY_UIApplicationSceneManifest_Generation = YES;
				INFOPLIST_KEY_UIApplicationSupportsIndirectInputEvents = YES;
				INFOPLIST_KEY_UILaunchScreen_Generation = YES;
				INFOPLIST_KEY_UISupportedInterfaceOrientations_iPhone = "UIInterfaceOrientationPortrait UIInterfaceOrientationLandscapeLeft UIInterfaceOrientationLandscapeRight";
				IPHONEOS_DEPLOYMENT_TARGET = 18.0;
				LD_RUNPATH_SEARCH_PATHS = ("$(inherited)", "@executable_path/Frameworks",);
				MARKETING_VERSION = 1.0;
				PRODUCT_BUNDLE_IDENTIFIER = com.hiroki.CleaningApp;
				PRODUCT_NAME = "$(TARGET_NAME)";
				SDKROOT = iphoneos;
				SWIFT_EMIT_LOC_STRINGS = YES;
				SWIFT_VERSION = 6.0;
				TARGETED_DEVICE_FAMILY = 1;
			};
			name = Release;
		};
/* End XCBuildConfiguration section */

/* Begin XCConfigurationList section */
		769CD6D52FB5342000B21E63 = {
			isa = XCConfigurationList;
			buildConfigurations = (769CD6D22FB5342000B21E63, 769CD6D32FB5342000B21E63,);
			defaultConfigurationIsVisible = 0;
			defaultConfigurationName = Release;
		};
		BUILDCONFLIST = {
			isa = XCConfigurationList;
			buildConfigurations = (TDEBUG1, TRELEASE1,);
			defaultConfigurationIsVisible = 0;
			defaultConfigurationName = Release;
		};
		PROJBUILDCONFLIST = {
			isa = XCConfigurationList;
			buildConfigurations = (DEBUG1, RELEASE1,);
			defaultConfigurationIsVisible = 0;
			defaultConfigurationName = Release;
		};
		TESTBUILDCONFLIST = {
			isa = XCConfigurationList;
			buildConfigurations = (TESTDEBUG1, TESTRELEASE1,);
			defaultConfigurationIsVisible = 0;
			defaultConfigurationName = Release;
		};
/* End XCConfigurationList section */
	};
	rootObject = PROJECT;
}
